// !$*UTF8*$!
{
	archiveVersion = 1;
	classes = {
	};
	objectVersion = 56;
	objects = {

/* Begin PBXBuildFile section */
		2EDF627C2B41338B00408CCE /* AppDelegate.swift in Sources */ = {isa = PBXBuildFile; fileRef = 2EDF627B2B41338B00408CCE /* AppDelegate.swift */; };
		2EDF627E2B41338B00408CCE /* SceneDelegate.swift in Sources */ = {isa = PBXBuildFile; fileRef = 2EDF627D2B41338B00408CCE /* SceneDelegate.swift */; };
		2EDF62802B41338B00408CCE /* RMTabBarController.swift in Sources */ = {isa = PBXBuildFile; fileRef = 2EDF627F2B41338B00408CCE /* RMTabBarController.swift */; };
		2EDF62852B41338D00408CCE /* Assets.xcassets in Resources */ = {isa = PBXBuildFile; fileRef = 2EDF62842B41338D00408CCE /* Assets.xcassets */; };
		2EDF62882B41338D00408CCE /* LaunchScreen.storyboard in Resources */ = {isa = PBXBuildFile; fileRef = 2EDF62862B41338D00408CCE /* LaunchScreen.storyboard */; };
		2EDF62982B41401500408CCE /* RMLocation.swift in Sources */ = {isa = PBXBuildFile; fileRef = 2EDF62972B41401500408CCE /* RMLocation.swift */; };
		2EDF629A2B41403100408CCE /* RMCharacter.swift in Sources */ = {isa = PBXBuildFile; fileRef = 2EDF62992B41403100408CCE /* RMCharacter.swift */; };
		2EDF629C2B41404700408CCE /* RMEpisode.swift in Sources */ = {isa = PBXBuildFile; fileRef = 2EDF629B2B41404700408CCE /* RMEpisode.swift */; };
		2EDF629F2B41410C00408CCE /* RMCharactersViewController.swift in Sources */ = {isa = PBXBuildFile; fileRef = 2EDF629E2B41410C00408CCE /* RMCharactersViewController.swift */; };
		2EDF62A12B41412600408CCE /* RMEpisodesViewController.swift in Sources */ = {isa = PBXBuildFile; fileRef = 2EDF62A02B41412600408CCE /* RMEpisodesViewController.swift */; };
		2EDF62A32B41413F00408CCE /* RMLocationsViewController.swift in Sources */ = {isa = PBXBuildFile; fileRef = 2EDF62A22B41413F00408CCE /* RMLocationsViewController.swift */; };
		2EDF62A52B41415A00408CCE /* RMSettingsViewController.swift in Sources */ = {isa = PBXBuildFile; fileRef = 2EDF62A42B41415A00408CCE /* RMSettingsViewController.swift */; };
/* End PBXBuildFile section */

/* Begin PBXFileReference section */
		2EDF62782B41338B00408CCE /* RickAndMorty.app */ = {isa = PBXFileReference; explicitFileType = wrapper.application; includeInIndex = 0; path = RickAndMorty.app; sourceTree = BUILT_PRODUCTS_DIR; };
		2EDF627B2B41338B00408CCE /* AppDelegate.swift */ = {isa = PBXFileReference; lastKnownFileType = sourcecode.swift; path = AppDelegate.swift; sourceTree = "<group>"; };
		2EDF627D2B41338B00408CCE /* SceneDelegate.swift */ = {isa = PBXFileReference; lastKnownFileType = sourcecode.swift; path = SceneDelegate.swift; sourceTree = "<group>"; };
		2EDF627F2B41338B00408CCE /* RMTabBarController.swift */ = {isa = PBXFileReference; lastKnownFileType = sourcecode.swift; path = RMTabBarController.swift; sourceTree = "<group>"; };
		2EDF62842B41338D00408CCE /* Assets.xcassets */ = {isa = PBXFileReference; lastKnownFileType = folder.assetcatalog; path = Assets.xcassets; sourceTree = "<group>"; };
		2EDF62872B41338D00408CCE /* Base */ = {isa = PBXFileReference; lastKnownFileType = file.storyboard; name = Base; path = Base.lproj/LaunchScreen.storyboard; sourceTree = "<group>"; };
		2EDF62892B41338D00408CCE /* Info.plist */ = {isa = PBXFileReference; lastKnownFileType = text.plist.xml; path = Info.plist; sourceTree = "<group>"; };
		2EDF62972B41401500408CCE /* RMLocation.swift */ = {isa = PBXFileReference; lastKnownFileType = sourcecode.swift; path = RMLocation.swift; sourceTree = "<group>"; };
		2EDF62992B41403100408CCE /* RMCharacter.swift */ = {isa = PBXFileReference; lastKnownFileType = sourcecode.swift; path = RMCharacter.swift; sourceTree = "<group>"; };
		2EDF629B2B41404700408CCE /* RMEpisode.swift */ = {isa = PBXFileReference; lastKnownFileType = sourcecode.swift; path = RMEpisode.swift; sourceTree = "<group>"; };
		2EDF629E2B41410C00408CCE /* RMCharactersViewController.swift */ = {isa = PBXFileReference; lastKnownFileType = sourcecode.swift; path = RMCharactersViewController.swift; sourceTree = "<group>"; };
		2EDF62A02B41412600408CCE /* RMEpisodesViewController.swift */ = {isa = PBXFileReference; lastKnownFileType = sourcecode.swift; path = RMEpisodesViewController.swift; sourceTree = "<group>"; };
		2EDF62A22B41413F00408CCE /* RMLocationsViewController.swift */ = {isa = PBXFileReference; lastKnownFileType = sourcecode.swift; path = RMLocationsViewController.swift; sourceTree = "<group>"; };
		2EDF62A42B41415A00408CCE /* RMSettingsViewController.swift */ = {isa = PBXFileReference; lastKnownFileType = sourcecode.swift; path = RMSettingsViewController.swift; sourceTree = "<group>"; };
/* End PBXFileReference section */

/* Begin PBXFrameworksBuildPhase section */
		2EDF62752B41338B00408CCE /* Frameworks */ = {
			isa = PBXFrameworksBuildPhase;
			buildActionMask = 2147483647;
			files = (
			);
			runOnlyForDeploymentPostprocessing = 0;
		};
/* End PBXFrameworksBuildPhase section */

/* Begin PBXGroup section */
		2EDF626F2B41338B00408CCE = {
			isa = PBXGroup;
			children = (
				2EDF627A2B41338B00408CCE /* RickAndMorty */,
				2EDF62792B41338B00408CCE /* Products */,
			);
			sourceTree = "<group>";
		};
		2EDF62792B41338B00408CCE /* Products */ = {
			isa = PBXGroup;
			children = (
				2EDF62782B41338B00408CCE /* RickAndMorty.app */,
			);
			name = Products;
			sourceTree = "<group>";
		};
		2EDF627A2B41338B00408CCE /* RickAndMorty */ = {
			isa = PBXGroup;
			children = (
				2EDF62962B413F2C00408CCE /* Resources */,
				2EDF62952B413F2000408CCE /* Managers */,
				2EDF62942B413F0B00408CCE /* APIClient */,
				2EDF62922B413EDA00408CCE /* ViewModels */,
				2EDF62912B413EC600408CCE /* Views */,
				2EDF62902B413EB600408CCE /* Models */,
				2EDF628F2B413EA900408CCE /* Controllers */,
				2EDF62892B41338D00408CCE /* Info.plist */,
			);
			path = RickAndMorty;
			sourceTree = "<group>";
		};
		2EDF628F2B413EA900408CCE /* Controllers */ = {
			isa = PBXGroup;
			children = (
				2EDF629D2B4140CB00408CCE /* Core */,
			);
			path = Controllers;
			sourceTree = "<group>";
		};
		2EDF62902B413EB600408CCE /* Models */ = {
			isa = PBXGroup;
			children = (
				2EDF62972B41401500408CCE /* RMLocation.swift */,
				2EDF62992B41403100408CCE /* RMCharacter.swift */,
				2EDF629B2B41404700408CCE /* RMEpisode.swift */,
			);
			path = Models;
			sourceTree = "<group>";
		};
		2EDF62912B413EC600408CCE /* Views */ = {
			isa = PBXGroup;
			children = (
			);
			path = Views;
			sourceTree = "<group>";
		};
		2EDF62922B413EDA00408CCE /* ViewModels */ = {
			isa = PBXGroup;
			children = (
			);
			path = ViewModels;
			sourceTree = "<group>";
		};
		2EDF62942B413F0B00408CCE /* APIClient */ = {
			isa = PBXGroup;
			children = (
			);
			path = APIClient;
			sourceTree = "<group>";
		};
		2EDF62952B413F2000408CCE /* Managers */ = {
			isa = PBXGroup;
			children = (
			);
			path = Managers;
			sourceTree = "<group>";
		};
		2EDF62962B413F2C00408CCE /* Resources */ = {
			isa = PBXGroup;
			children = (
				2EDF62842B41338D00408CCE /* Assets.xcassets */,
				2EDF62862B41338D00408CCE /* LaunchScreen.storyboard */,
				2EDF627B2B41338B00408CCE /* AppDelegate.swift */,
				2EDF627D2B41338B00408CCE /* SceneDelegate.swift */,
			);
			path = Resources;
			sourceTree = "<group>";
		};
		2EDF629D2B4140CB00408CCE /* Core */ = {
			isa = PBXGroup;
			children = (
				2EDF627F2B41338B00408CCE /* RMTabBarController.swift */,
				2EDF629E2B41410C00408CCE /* RMCharactersViewController.swift */,
				2EDF62A02B41412600408CCE /* RMEpisodesViewController.swift */,
				2EDF62A22B41413F00408CCE /* RMLocationsViewController.swift */,
				2EDF62A42B41415A00408CCE /* RMSettingsViewController.swift */,
			);
			path = Core;
			sourceTree = "<group>";
		};
/* End PBXGroup section */

/* Begin PBXNativeTarget section */
		2EDF62772B41338B00408CCE /* RickAndMorty */ = {
			isa = PBXNativeTarget;
			buildConfigurationList = 2EDF628C2B41338D00408CCE /* Build configuration list for PBXNativeTarget "RickAndMorty" */;
			buildPhases = (
				2EDF62742B41338B00408CCE /* Sources */,
				2EDF62752B41338B00408CCE /* Frameworks */,
				2EDF62762B41338B00408CCE /* Resources */,
			);
			buildRules = (
			);
			dependencies = (
			);
			name = RickAndMorty;
			productName = RickAndMorty;
			productReference = 2EDF62782B41338B00408CCE /* RickAndMorty.app */;
			productType = "com.apple.product-type.application";
		};
/* End PBXNativeTarget section */

/* Begin PBXProject section */
		2EDF62702B41338B00408CCE /* Project object */ = {
			isa = PBXProject;
			attributes = {
				BuildIndependentTargetsInParallel = 1;
				LastSwiftUpdateCheck = 1400;
				LastUpgradeCheck = 1400;
				TargetAttributes = {
					2EDF62772B41338B00408CCE = {
						CreatedOnToolsVersion = 14.0.1;
					};
				};
			};
			buildConfigurationList = 2EDF62732B41338B00408CCE /* Build configuration list for PBXProject "RickAndMorty" */;
			compatibilityVersion = "Xcode 14.0";
			developmentRegion = en;
			hasScannedForEncodings = 0;
			knownRegions = (
				en,
				Base,
			);
			mainGroup = 2EDF626F2B41338B00408CCE;
			productRefGroup = 2EDF62792B41338B00408CCE /* Products */;
			projectDirPath = "";
			projectRoot = "";
			targets = (
				2EDF62772B41338B00408CCE /* RickAndMorty */,
			);
		};
/* End PBXProject section */

/* Begin PBXResourcesBuildPhase section */
		2EDF62762B41338B00408CCE /* Resources */ = {
			isa = PBXResourcesBuildPhase;
			buildActionMask = 2147483647;
			files = (
				2EDF62882B41338D00408CCE /* LaunchScreen.storyboard in Resources */,
				2EDF62852B41338D00408CCE /* Assets.xcassets in Resources */,
			);
			runOnlyForDeploymentPostprocessing = 0;
		};
/* End PBXResourcesBuildPhase section */

/* Begin PBXSourcesBuildPhase section */
		2EDF62742B41338B00408CCE /* Sources */ = {
			isa = PBXSourcesBuildPhase;
			buildActionMask = 2147483647;
			files = (
				2EDF62A32B41413F00408CCE /* RMLocationsViewController.swift in Sources */,
				2EDF629C2B41404700408CCE /* RMEpisode.swift in Sources */,
				2EDF62802B41338B00408CCE /* RMTabBarController.swift in Sources */,
				2EDF627C2B41338B00408CCE /* AppDelegate.swift in Sources */,
				2EDF627E2B41338B00408CCE /* SceneDelegate.swift in Sources */,
				2EDF62982B41401500408CCE /* RMLocation.swift in Sources */,
				2EDF62A52B41415A00408CCE /* RMSettingsViewController.swift in Sources */,
				2EDF629A2B41403100408CCE /* RMCharacter.swift in Sources */,
				2EDF629F2B41410C00408CCE /* RMCharactersViewController.swift in Sources */,
				2EDF62A12B41412600408CCE /* RMEpisodesViewController.swift in Sources */,
			);
			runOnlyForDeploymentPostprocessing = 0;
		};
/* End PBXSourcesBuildPhase section */

/* Begin PBXVariantGroup section */
		2EDF62862B41338D00408CCE /* LaunchScreen.storyboard */ = {
			isa = PBXVariantGroup;
			children = (
				2EDF62872B41338D00408CCE /* Base */,
			);
			name = LaunchScreen.storyboard;
			sourceTree = "<group>";
		};
/* End PBXVariantGroup section */

/* Begin XCBuildConfiguration section */
		2EDF628A2B41338D00408CCE /* Debug */ = {
			isa = XCBuildConfiguration;
			buildSettings = {
				ALWAYS_SEARCH_USER_PATHS = NO;
				CLANG_ANALYZER_NONNULL = YES;
				CLANG_ANALYZER_NUMBER_OBJECT_CONVERSION = YES_AGGRESSIVE;
				CLANG_CXX_LANGUAGE_STANDARD = "gnu++20";
				CLANG_ENABLE_MODULES = YES;
				CLANG_ENABLE_OBJC_ARC = YES;
				CLANG_ENABLE_OBJC_WEAK = YES;
				CLANG_WARN_BLOCK_CAPTURE_AUTORELEASING = YES;
				CLANG_WARN_BOOL_CONVERSION = YES;
				CLANG_WARN_COMMA = YES;
				CLANG_WARN_CONSTANT_CONVERSION = YES;
				CLANG_WARN_DEPRECATED_OBJC_IMPLEMENTATIONS = YES;
				CLANG_WARN_DIRECT_OBJC_ISA_USAGE = YES_ERROR;
				CLANG_WARN_DOCUMENTATION_COMMENTS = YES;
				CLANG_WARN_EMPTY_BODY = YES;
				CLANG_WARN_ENUM_CONVERSION = YES;
				CLANG_WARN_INFINITE_RECURSION = YES;
				CLANG_WARN_INT_CONVERSION = YES;
				CLANG_WARN_NON_LITERAL_NULL_CONVERSION = YES;
				CLANG_WARN_OBJC_IMPLICIT_RETAIN_SELF = YES;
				CLANG_WARN_OBJC_LITERAL_CONVERSION = YES;
				CLANG_WARN_OBJC_ROOT_CLASS = YES_ERROR;
				CLANG_WARN_QUOTED_INCLUDE_IN_FRAMEWORK_HEADER = YES;
				CLANG_WARN_RANGE_LOOP_ANALYSIS = YES;
				CLANG_WARN_STRICT_PROTOTYPES = YES;
				CLANG_WARN_SUSPICIOUS_MOVE = YES;
				CLANG_WARN_UNGUARDED_AVAILABILITY = YES_AGGRESSIVE;
				CLANG_WARN_UNREACHABLE_CODE = YES;
				CLANG_WARN__DUPLICATE_METHOD_MATCH = YES;
				COPY_PHASE_STRIP = NO;
				DEBUG_INFORMATION_FORMAT = dwarf;
				ENABLE_STRICT_OBJC_MSGSEND = YES;
				ENABLE_TESTABILITY = YES;
				GCC_C_LANGUAGE_STANDARD = gnu11;
				GCC_DYNAMIC_NO_PIC = NO;
				GCC_NO_COMMON_BLOCKS = YES;
				GCC_OPTIMIZATION_LEVEL = 0;
				GCC_PREPROCESSOR_DEFINITIONS = (
					"DEBUG=1",
					"$(inherited)",
				);
				GCC_WARN_64_TO_32_BIT_CONVERSION = YES;
				GCC_WARN_ABOUT_RETURN_TYPE = YES_ERROR;
				GCC_WARN_UNDECLARED_SELECTOR = YES;
				GCC_WARN_UNINITIALIZED_AUTOS = YES_AGGRESSIVE;
				GCC_WARN_UNUSED_FUNCTION = YES;
				GCC_WARN_UNUSED_VARIABLE = YES;
				IPHONEOS_DEPLOYMENT_TARGET = 16.0;
				MTL_ENABLE_DEBUG_INFO = INCLUDE_SOURCE;
				MTL_FAST_MATH = YES;
				ONLY_ACTIVE_ARCH = YES;
				SDKROOT = iphoneos;
				SWIFT_ACTIVE_COMPILATION_CONDITIONS = DEBUG;
				SWIFT_OPTIMIZATION_LEVEL = "-Onone";
			};
			name = Debug;
		};
		2EDF628B2B41338D00408CCE /* Release */ = {
			isa = XCBuildConfiguration;
			buildSettings = {
				ALWAYS_SEARCH_USER_PATHS = NO;
				CLANG_ANALYZER_NONNULL = YES;
				CLANG_ANALYZER_NUMBER_OBJECT_CONVERSION = YES_AGGRESSIVE;
				CLANG_CXX_LANGUAGE_STANDARD = "gnu++20";
				CLANG_ENABLE_MODULES = YES;
				CLANG_ENABLE_OBJC_ARC = YES;
				CLANG_ENABLE_OBJC_WEAK = YES;
				CLANG_WARN_BLOCK_CAPTURE_AUTORELEASING = YES;
				CLANG_WARN_BOOL_CONVERSION = YES;
				CLANG_WARN_COMMA = YES;
				CLANG_WARN_CONSTANT_CONVERSION = YES;
				CLANG_WARN_DEPRECATED_OBJC_IMPLEMENTATIONS = YES;
				CLANG_WARN_DIRECT_OBJC_ISA_USAGE = YES_ERROR;
				CLANG_WARN_DOCUMENTATION_COMMENTS = YES;
				CLANG_WARN_EMPTY_BODY = YES;
				CLANG_WARN_ENUM_CONVERSION = YES;
				CLANG_WARN_INFINITE_RECURSION = YES;
				CLANG_WARN_INT_CONVERSION = YES;
				CLANG_WARN_NON_LITERAL_NULL_CONVERSION = YES;
				CLANG_WARN_OBJC_IMPLICIT_RETAIN_SELF = YES;
				CLANG_WARN_OBJC_LITERAL_CONVERSION = YES;
				CLANG_WARN_OBJC_ROOT_CLASS = YES_ERROR;
				CLANG_WARN_QUOTED_INCLUDE_IN_FRAMEWORK_HEADER = YES;
				CLANG_WARN_RANGE_LOOP_ANALYSIS = YES;
				CLANG_WARN_STRICT_PROTOTYPES = YES;
				CLANG_WARN_SUSPICIOUS_MOVE = YES;
				CLANG_WARN_UNGUARDED_AVAILABILITY = YES_AGGRESSIVE;
				CLANG_WARN_UNREACHABLE_CODE = YES;
				CLANG_WARN__DUPLICATE_METHOD_MATCH = YES;
				COPY_PHASE_STRIP = NO;
				DEBUG_INFORMATION_FORMAT = "dwarf-with-dsym";
				ENABLE_NS_ASSERTIONS = NO;
				ENABLE_STRICT_OBJC_MSGSEND = YES;
				GCC_C_LANGUAGE_STANDARD = gnu11;
				GCC_NO_COMMON_BLOCKS = YES;
				GCC_WARN_64_TO_32_BIT_CONVERSION = YES;
				GCC_WARN_ABOUT_RETURN_TYPE = YES_ERROR;
				GCC_WARN_UNDECLARED_SELECTOR = YES;
				GCC_WARN_UNINITIALIZED_AUTOS = YES_AGGRESSIVE;
				GCC_WARN_UNUSED_FUNCTION = YES;
				GCC_WARN_UNUSED_VARIABLE = YES;
				IPHONEOS_DEPLOYMENT_TARGET = 16.0;
				MTL_ENABLE_DEBUG_INFO = NO;
				MTL_FAST_MATH = YES;
				SDKROOT = iphoneos;
				SWIFT_COMPILATION_MODE = wholemodule;
				SWIFT_OPTIMIZATION_LEVEL = "-O";
				VALIDATE_PRODUCT = YES;
			};
			name = Release;
		};
		2EDF628D2B41338D00408CCE /* Debug */ = {
			isa = XCBuildConfiguration;
			buildSettings = {
				ASSETCATALOG_COMPILER_APPICON_NAME = AppIcon;
				ASSETCATALOG_COMPILER_GLOBAL_ACCENT_COLOR_NAME = AccentColor;
				CODE_SIGN_STYLE = Automatic;
				CURRENT_PROJECT_VERSION = 1;
				GENERATE_INFOPLIST_FILE = YES;
				INFOPLIST_FILE = RickAndMorty/Info.plist;
				INFOPLIST_KEY_UIApplicationSupportsIndirectInputEvents = YES;
				INFOPLIST_KEY_UILaunchStoryboardName = LaunchScreen;
				INFOPLIST_KEY_UISupportedInterfaceOrientations_iPad = "UIInterfaceOrientationPortrait UIInterfaceOrientationPortraitUpsideDown UIInterfaceOrientationLandscapeLeft UIInterfaceOrientationLandscapeRight";
				INFOPLIST_KEY_UISupportedInterfaceOrientations_iPhone = "UIInterfaceOrientationPortrait UIInterfaceOrientationLandscapeLeft UIInterfaceOrientationLandscapeRight";
				LD_RUNPATH_SEARCH_PATHS = (
					"$(inherited)",
					"@executable_path/Frameworks",
				);
				MARKETING_VERSION = 1.0;
				PRODUCT_BUNDLE_IDENTIFIER = io.iosacademy.RickAndMorty;
				PRODUCT_NAME = "$(TARGET_NAME)";
				SWIFT_EMIT_LOC_STRINGS = YES;
				SWIFT_VERSION = 5.0;
				TARGETED_DEVICE_FAMILY = "1,2";
			};
			name = Debug;
		};
		2EDF628E2B41338D00408CCE /* Release */ = {
			isa = XCBuildConfiguration;
			buildSettings = {
				ASSETCATALOG_COMPILER_APPICON_NAME = AppIcon;
				ASSETCATALOG_COMPILER_GLOBAL_ACCENT_COLOR_NAME = AccentColor;
				CODE_SIGN_STYLE = Automatic;
				CURRENT_PROJECT_VERSION = 1;
				GENERATE_INFOPLIST_FILE = YES;
				INFOPLIST_FILE = RickAndMorty/Info.plist;
				INFOPLIST_KEY_UIApplicationSupportsIndirectInputEvents = YES;
				INFOPLIST_KEY_UILaunchStoryboardName = LaunchScreen;
				INFOPLIST_KEY_UISupportedInterfaceOrientations_iPad = "UIInterfaceOrientationPortrait UIInterfaceOrientationPortraitUpsideDown UIInterfaceOrientationLandscapeLeft UIInterfaceOrientationLandscapeRight";
				INFOPLIST_KEY_UISupportedInterfaceOrientations_iPhone = "UIInterfaceOrientationPortrait UIInterfaceOrientationLandscapeLeft UIInterfaceOrientationLandscapeRight";
				LD_RUNPATH_SEARCH_PATHS = (
					"$(inherited)",
					"@executable_path/Frameworks",
				);
				MARKETING_VERSION = 1.0;
				PRODUCT_BUNDLE_IDENTIFIER = io.iosacademy.RickAndMorty;
				PRODUCT_NAME = "$(TARGET_NAME)";
				SWIFT_EMIT_LOC_STRINGS = YES;
				SWIFT_VERSION = 5.0;
				TARGETED_DEVICE_FAMILY = "1,2";
			};
			name = Release;
		};
/* End XCBuildConfiguration section */

/* Begin XCConfigurationList section */
		2EDF62732B41338B00408CCE /* Build configuration list for PBXProject "RickAndMorty" */ = {
			isa = XCConfigurationList;
			buildConfigurations = (
				2EDF628A2B41338D00408CCE /* Debug */,
				2EDF628B2B41338D00408CCE /* Release */,
			);
			defaultConfigurationIsVisible = 0;
			defaultConfigurationName = Release;
		};
		2EDF628C2B41338D00408CCE /* Build configuration list for PBXNativeTarget "RickAndMorty" */ = {
			isa = XCConfigurationList;
			buildConfigurations = (
				2EDF628D2B41338D00408CCE /* Debug */,
				2EDF628E2B41338D00408CCE /* Release */,
			);
			defaultConfigurationIsVisible = 0;
			defaultConfigurationName = Release;
		};
/* End XCConfigurationList section */
	};
	rootObject = 2EDF62702B41338B00408CCE /* Project object */;
}
